
Microsoft Visual Studio Solution File, Format Version 12.00
# Visual Studio Version 16
VisualStudioVersion = 16.0.30406.217
MinimumVisualStudioVersion = 10.0.40219.1
Project("{9A19103F-16F7-4668-BE54-9A1E7A4F7556}") = "DesignPatten", "DesignPatten.csproj", "{ED4EA012-6257-4BB5-B78A-49F63E3BCF41}"
EndProject
Global
	GlobalSection(SolutionConfigurationPlatforms) = preSolution
		Debug|Any CPU = Debug|Any CPU
		Release|Any CPU = Release|Any CPU
	EndGlobalSection
	GlobalSection(ProjectConfigurationPlatforms) = postSolution
		{ED4EA012-6257-4BB5-B78A-49F63E3BCF41}.Debug|Any CPU.ActiveCfg = Debug|Any CPU
		{ED4EA012-6257-4BB5-B78A-49F63E3BCF41}.Debug|Any CPU.Build.0 = Debug|Any CPU
		{ED4EA012-6257-4BB5-B78A-49F63E3BCF41}.Release|Any CPU.ActiveCfg = Release|Any CPU
		{ED4EA012-6257-4BB5-B78A-49F63E3BCF41}.Release|Any CPU.Build.0 = Release|Any CPU
	EndGlobalSection
	GlobalSection(SolutionProperties) = preSolution
		HideSolutionNode = FALSE
	EndGlobalSection
	GlobalSection(ExtensibilityGlobals) = postSolution
		SolutionGuid = {14B8F06F-FCCD-4BBA-BA86-8272ADC62343}
	EndGlobalSection
EndGlobal
